
Microsoft Visual Studio Solution File, Format Version 12.00
# Visual Studio Version 17
VisualStudioVersion = 17.2.32630.192
MinimumVisualStudioVersion = 10.0.40219.1
Project("{8BC9CEB8-8B4A-11D0-8D11-00A0C91BC942}") = "NetworkChat", "NetworkChat\NetworkChat.vcxproj", "{75396378-63A7-41DB-BEB2-13BBC6EF7A1B}"
EndProject
Global
	GlobalSection(SolutionConfigurationPlatforms) = preSolution
		Debug|x64 = Debug|x64
		Debug|x86 = Debug|x86
		Release|x64 = Release|x64
		Release|x86 = Release|x86
	EndGlobalSection
	GlobalSection(ProjectConfigurationPlatforms) = postSolution
		{75396378-63A7-41DB-BEB2-13BBC6EF7A1B}.Debug|x64.ActiveCfg = Debug|x64
		{75396378-63A7-41DB-BEB2-13BBC6EF7A1B}.Debug|x64.Build.0 = Debug|x64
		{75396378-63A7-41DB-BEB2-13BBC6EF7A1B}.Debug|x86.ActiveCfg = Debug|Win32
		{75396378-63A7-41DB-BEB2-13BBC6EF7A1B}.Debug|x86.Build.0 = Debug|Win32
		{75396378-63A7-41DB-BEB2-13BBC6EF7A1B}.Release|x64.ActiveCfg = Release|x64
		{75396378-63A7-41DB-BEB2-13BBC6EF7A1B}.Release|x64.Build.0 = Release|x64
		{75396378-63A7-41DB-BEB2-13BBC6EF7A1B}.Release|x86.ActiveCfg = Release|Win32
		{75396378-63A7-41DB-BEB2-13BBC6EF7A1B}.Release|x86.Build.0 = Release|Win32
	EndGlobalSection
	GlobalSection(SolutionProperties) = preSolution
		HideSolutionNode = FALSE
	EndGlobalSection
	GlobalSection(ExtensibilityGlobals) = postSolution
		SolutionGuid = {9B1996CB-6CDB-4553-A580-0D2D24E3E5ED}
	EndGlobalSection
EndGlobal
